
Microsoft Visual Studio Solution File, Format Version 12.00
# Visual Studio Version 17
VisualStudioVersion = 17.1.32407.343
MinimumVisualStudioVersion = 10.0.40219.1
Project("{2150E333-8FDC-42A3-9474-1A3956D46DE8}") = "src", "src", "{85DF4E5A-87AB-4D0B-A812-543FD582E7EF}"
EndProject
Project("{9A19103F-16F7-4668-BE54-9A1E7A4F7556}") = "TBR.Core", "TBR.Core\TBR.Core.csproj", "{BD502EBD-C4EF-4A6D-A726-C4F9480AA16D}"
EndProject
Project("{9A19103F-16F7-4668-BE54-9A1E7A4F7556}") = "TBR.Infrastructure", "TBR.Infrastructure\TBR.Infrastructure.csproj", "{CC3F2FFA-9C3D-421A-AE1C-BE3FD59BEC7F}"
EndProject
Project("{9A19103F-16F7-4668-BE54-9A1E7A4F7556}") = "TBR.Tests", "TBR.Tests\TBR.Tests.csproj", "{3FA1431E-355C-411E-81A0-C88AE7001B53}"
EndProject
Project("{9A19103F-16F7-4668-BE54-9A1E7A4F7556}") = "TBR.Webb", "TBR.Webb\TBR.Webb.csproj", "{106BB115-17D7-4A53-ACB5-82842001415D}"
EndProject
Global
	GlobalSection(SolutionConfigurationPlatforms) = preSolution
		Debug|Any CPU = Debug|Any CPU
		Release|Any CPU = Release|Any CPU
	EndGlobalSection
	GlobalSection(ProjectConfigurationPlatforms) = postSolution
		{BD502EBD-C4EF-4A6D-A726-C4F9480AA16D}.Debug|Any CPU.ActiveCfg = Debug|Any CPU
		{BD502EBD-C4EF-4A6D-A726-C4F9480AA16D}.Debug|Any CPU.Build.0 = Debug|Any CPU
		{BD502EBD-C4EF-4A6D-A726-C4F9480AA16D}.Release|Any CPU.ActiveCfg = Release|Any CPU
		{BD502EBD-C4EF-4A6D-A726-C4F9480AA16D}.Release|Any CPU.Build.0 = Release|Any CPU
		{CC3F2FFA-9C3D-421A-AE1C-BE3FD59BEC7F}.Debug|Any CPU.ActiveCfg = Debug|Any CPU
		{CC3F2FFA-9C3D-421A-AE1C-BE3FD59BEC7F}.Debug|Any CPU.Build.0 = Debug|Any CPU
		{CC3F2FFA-9C3D-421A-AE1C-BE3FD59BEC7F}.Release|Any CPU.ActiveCfg = Release|Any CPU
		{CC3F2FFA-9C3D-421A-AE1C-BE3FD59BEC7F}.Release|Any CPU.Build.0 = Release|Any CPU
		{3FA1431E-355C-411E-81A0-C88AE7001B53}.Debug|Any CPU.ActiveCfg = Debug|Any CPU
		{3FA1431E-355C-411E-81A0-C88AE7001B53}.Debug|Any CPU.Build.0 = Debug|Any CPU
		{3FA1431E-355C-411E-81A0-C88AE7001B53}.Release|Any CPU.ActiveCfg = Release|Any CPU
		{3FA1431E-355C-411E-81A0-C88AE7001B53}.Release|Any CPU.Build.0 = Release|Any CPU
		{106BB115-17D7-4A53-ACB5-82842001415D}.Debug|Any CPU.ActiveCfg = Debug|Any CPU
		{106BB115-17D7-4A53-ACB5-82842001415D}.Debug|Any CPU.Build.0 = Debug|Any CPU
		{106BB115-17D7-4A53-ACB5-82842001415D}.Release|Any CPU.ActiveCfg = Release|Any CPU
		{106BB115-17D7-4A53-ACB5-82842001415D}.Release|Any CPU.Build.0 = Release|Any CPU
	EndGlobalSection
	GlobalSection(SolutionProperties) = preSolution
		HideSolutionNode = FALSE
	EndGlobalSection
	GlobalSection(NestedProjects) = preSolution
		{BD502EBD-C4EF-4A6D-A726-C4F9480AA16D} = {85DF4E5A-87AB-4D0B-A812-543FD582E7EF}
		{CC3F2FFA-9C3D-421A-AE1C-BE3FD59BEC7F} = {85DF4E5A-87AB-4D0B-A812-543FD582E7EF}
		{3FA1431E-355C-411E-81A0-C88AE7001B53} = {85DF4E5A-87AB-4D0B-A812-543FD582E7EF}
		{106BB115-17D7-4A53-ACB5-82842001415D} = {85DF4E5A-87AB-4D0B-A812-543FD582E7EF}
	EndGlobalSection
	GlobalSection(ExtensibilityGlobals) = postSolution
		SolutionGuid = {5733DA72-72F4-4EDE-8E40-1020DEC5F6AD}
	EndGlobalSection
EndGlobal
